
Microsoft Visual Studio Solution File, Format Version 12.00
# Visual Studio Version 17
VisualStudioVersion = 17.1.32328.378
MinimumVisualStudioVersion = 10.0.40219.1
Project("{9A19103F-16F7-4668-BE54-9A1E7A4F7556}") = "FirstWebProjectMVC", "FirstWebProjectMVC\FirstWebProjectMVC.csproj", "{B14CC7B3-DAF2-4F1E-9FA6-10CA16E76B49}"
EndProject
Global
	GlobalSection(SolutionConfigurationPlatforms) = preSolution
		Debug|Any CPU = Debug|Any CPU
		Release|Any CPU = Release|Any CPU
	EndGlobalSection
	GlobalSection(ProjectConfigurationPlatforms) = postSolution
		{B14CC7B3-DAF2-4F1E-9FA6-10CA16E76B49}.Debug|Any CPU.ActiveCfg = Debug|Any CPU
		{B14CC7B3-DAF2-4F1E-9FA6-10CA16E76B49}.Debug|Any CPU.Build.0 = Debug|Any CPU
		{B14CC7B3-DAF2-4F1E-9FA6-10CA16E76B49}.Release|Any CPU.ActiveCfg = Release|Any CPU
		{B14CC7B3-DAF2-4F1E-9FA6-10CA16E76B49}.Release|Any CPU.Build.0 = Release|Any CPU
	EndGlobalSection
	GlobalSection(SolutionProperties) = preSolution
		HideSolutionNode = FALSE
	EndGlobalSection
	GlobalSection(ExtensibilityGlobals) = postSolution
		SolutionGuid = {EC7E668A-069A-4E24-B187-E672BF336C9B}
	EndGlobalSection
EndGlobal
